
Microsoft Visual Studio Solution File, Format Version 12.00
# Visual Studio Version 16
VisualStudioVersion = 16.0.31410.357
MinimumVisualStudioVersion = 10.0.40219.1
Project("{FAE04EC0-301F-11D3-BF4B-00C04F79EFBC}") = "Framework", "Framework\Framework.csproj", "{4009D924-94D0-4E0F-85A4-90AD424D81D4}"
EndProject
Global
	GlobalSection(SolutionConfigurationPlatforms) = preSolution
		Debug|Any CPU = Debug|Any CPU
		Release|Any CPU = Release|Any CPU
	EndGlobalSection
	GlobalSection(ProjectConfigurationPlatforms) = postSolution
		{4009D924-94D0-4E0F-85A4-90AD424D81D4}.Debug|Any CPU.ActiveCfg = Debug|Any CPU
		{4009D924-94D0-4E0F-85A4-90AD424D81D4}.Debug|Any CPU.Build.0 = Debug|Any CPU
		{4009D924-94D0-4E0F-85A4-90AD424D81D4}.Release|Any CPU.ActiveCfg = Release|Any CPU
		{4009D924-94D0-4E0F-85A4-90AD424D81D4}.Release|Any CPU.Build.0 = Release|Any CPU
	EndGlobalSection
	GlobalSection(SolutionProperties) = preSolution
		HideSolutionNode = FALSE
	EndGlobalSection
	GlobalSection(ExtensibilityGlobals) = postSolution
		SolutionGuid = {F8D0967F-FD00-4F52-86BC-44729AA38D1E}
	EndGlobalSection
EndGlobal
